{
  "name": "jokes",
  "version": "1.0.0",
  "lockfileVersion": 2,
  "requires": true,
  "packages": {
    "": {
      "name": "jokes",
      "version": "1.0.0",
      "license": "ISC",
      "dependencies": {
        "express": "npm:null@*",
        "mongoose": "npm:null@*"
      },
      "devDependencies": {}
    },
    "node_modules/express": {},
    "node_modules/mongoose": {}
  },
  "dependencies": {
    "express": {},
    "mongoose": {}
  }
}
